
Microsoft Visual Studio Solution File, Format Version 12.00
# Visual Studio 15
VisualStudioVersion = 15.0.28307.106
MinimumVisualStudioVersion = 10.0.40219.1
Project("{FAE04EC0-301F-11D3-BF4B-00C04F79EFBC}") = "BankAPI", "BankAPI\BankAPI.csproj", "{55547733-76F3-4879-B983-45C6E7175E48}"
EndProject
Global
	GlobalSection(SolutionConfigurationPlatforms) = preSolution
		Debug|Any CPU = Debug|Any CPU
		Release|Any CPU = Release|Any CPU
	EndGlobalSection
	GlobalSection(ProjectConfigurationPlatforms) = postSolution
		{55547733-76F3-4879-B983-45C6E7175E48}.Debug|Any CPU.ActiveCfg = Debug|Any CPU
		{55547733-76F3-4879-B983-45C6E7175E48}.Debug|Any CPU.Build.0 = Debug|Any CPU
		{55547733-76F3-4879-B983-45C6E7175E48}.Release|Any CPU.ActiveCfg = Release|Any CPU
		{55547733-76F3-4879-B983-45C6E7175E48}.Release|Any CPU.Build.0 = Release|Any CPU
	EndGlobalSection
	GlobalSection(SolutionProperties) = preSolution
		HideSolutionNode = FALSE
	EndGlobalSection
	GlobalSection(ExtensibilityGlobals) = postSolution
		SolutionGuid = {1E3942AF-1B17-4571-8326-6CC315E09E90}
	EndGlobalSection
EndGlobal
